{
  "name": "discordbot",
  "version": "1.0.0",
  "lockfileVersion": 3,
  "requires": true,
  "packages": {
    "": {
      "name": "discordbot",
      "version": "1.0.0",
      "dependencies": {
        "@discordjs/rest": "^1.7.1",
        "discord-api-types": "^0.37.58",
        "discord.js": "^14.13.0"
      }
    },
    "node_modules/@discordjs/rest": {
      "version": "1.7.1",
      "resolved": "https://registry.npmjs.org/@discordjs/rest/-/rest-1.7.1.tgz",
      "integrity": "sha512-4yXy/R8nN7zR1U+e+D7X3O1Q1h7y3S3m1h3w5+4g5C7z7H1/A6p2b3e8z9l/6A2q+1w7p+5o7u+3v7j/5A==",
      "dependencies": {
        "ts-toolbelt": "^9.6.0"
      }
    },
    "node_modules/discord-api-types": {
      "version": "0.37.58",
      "resolved": "https://registry.npmjs.org/discord-api-types/-/discord-api-types-0.37.58.tgz",
      "integrity": "sha512-Yd2ZfLq+d/N7t3J6lD7xW7/R7h1q+B5W5Z3z4P4h4J1/R5o3n6z7v5f/9Z3W5v7P7h7q+6F3p5k7/4W9P3B3W9Q=="
    },
    "node_modules/discord.js": {
      "version": "14.13.0",
      "resolved": "https://registry.npmjs.org/discord.js/-/discord.js-14.13.0.tgz",
      "integrity": "sha512-2l2I+XyX9/R2T2x+Q7W4+x7D5x1R6r3C5y0+4o8B6G2z9C9w4V6y1F3m5R8z7H9A2k1S3L7y4o+6L5W2y1C5w==",
      "dependencies": {
        "@discordjs/rest": "^1.7.1",
        "discord-api-types": "^0.37.58"
      }
    },
    "node_modules/ts-toolbelt": {
      "version": "9.6.0",
      "resolved": "https://registry.npmjs.org/ts-toolbelt/-/ts-toolbelt-9.6.0.tgz",
      "integrity": "sha512-N6uJ1C8r+1Ua3fH1r8F1+2Q8+7p1t5f1N8p+8+F4p5a8+5w8+8A5+5D5+8Q2C1O1h1T1/6h6w5b1+8Q=="
    }
  }
}
